
Microsoft Visual Studio Solution File, Format Version 12.00
# Visual Studio Version 16
VisualStudioVersion = 16.0.31129.286
MinimumVisualStudioVersion = 10.0.40219.1
Project("{FAE04EC0-301F-11D3-BF4B-00C04F79EFBC}") = "OpenTK Test", "OpenTK Test.csproj", "{2EC51B52-5443-40FE-81BC-17CE1A929557}"
EndProject
Global
	GlobalSection(SolutionConfigurationPlatforms) = preSolution
		Debug|Any CPU = Debug|Any CPU
		Release|Any CPU = Release|Any CPU
	EndGlobalSection
	GlobalSection(ProjectConfigurationPlatforms) = postSolution
		{2EC51B52-5443-40FE-81BC-17CE1A929557}.Debug|Any CPU.ActiveCfg = Debug|Any CPU
		{2EC51B52-5443-40FE-81BC-17CE1A929557}.Debug|Any CPU.Build.0 = Debug|Any CPU
		{2EC51B52-5443-40FE-81BC-17CE1A929557}.Release|Any CPU.ActiveCfg = Release|Any CPU
		{2EC51B52-5443-40FE-81BC-17CE1A929557}.Release|Any CPU.Build.0 = Release|Any CPU
	EndGlobalSection
	GlobalSection(SolutionProperties) = preSolution
		HideSolutionNode = FALSE
	EndGlobalSection
	GlobalSection(ExtensibilityGlobals) = postSolution
		SolutionGuid = {FD64F611-FB4E-40C9-8453-CD92A88F1547}
	EndGlobalSection
EndGlobal
